
Microsoft Visual Studio Solution File, Format Version 12.00
# Visual Studio 14
VisualStudioVersion = 14.0.25420.1
MinimumVisualStudioVersion = 10.0.40219.1
Project("{FAE04EC0-301F-11D3-BF4B-00C04F79EFBC}") = "MatrixOperations", "MatrixOperations\MatrixOperations.csproj", "{980B39AD-7DE3-4A16-9B1F-4EEB4E6E66BD}"
EndProject
Project("{FAE04EC0-301F-11D3-BF4B-00C04F79EFBC}") = "MatrixOperationsTests", "MatrixOperationsTests\MatrixOperationsTests.csproj", "{3713C7C0-C6F9-424A-8255-7AA330827E75}"
EndProject
Global
	GlobalSection(SolutionConfigurationPlatforms) = preSolution
		Debug|Any CPU = Debug|Any CPU
		Release|Any CPU = Release|Any CPU
	EndGlobalSection
	GlobalSection(ProjectConfigurationPlatforms) = postSolution
		{980B39AD-7DE3-4A16-9B1F-4EEB4E6E66BD}.Debug|Any CPU.ActiveCfg = Debug|Any CPU
		{980B39AD-7DE3-4A16-9B1F-4EEB4E6E66BD}.Debug|Any CPU.Build.0 = Debug|Any CPU
		{980B39AD-7DE3-4A16-9B1F-4EEB4E6E66BD}.Release|Any CPU.ActiveCfg = Release|Any CPU
		{980B39AD-7DE3-4A16-9B1F-4EEB4E6E66BD}.Release|Any CPU.Build.0 = Release|Any CPU
		{3713C7C0-C6F9-424A-8255-7AA330827E75}.Debug|Any CPU.ActiveCfg = Debug|Any CPU
		{3713C7C0-C6F9-424A-8255-7AA330827E75}.Debug|Any CPU.Build.0 = Debug|Any CPU
		{3713C7C0-C6F9-424A-8255-7AA330827E75}.Release|Any CPU.ActiveCfg = Release|Any CPU
		{3713C7C0-C6F9-424A-8255-7AA330827E75}.Release|Any CPU.Build.0 = Release|Any CPU
	EndGlobalSection
	GlobalSection(SolutionProperties) = preSolution
		HideSolutionNode = FALSE
	EndGlobalSection
EndGlobal
